
Microsoft Visual Studio Solution File, Format Version 12.00
# Visual Studio Version 17
VisualStudioVersion = 17.0.31903.59
MinimumVisualStudioVersion = 10.0.40219.1
Project("{2150E333-8FDC-42A3-9474-1A3956D46DE8}") = "Services", "Services", "{3AE1F0C9-048A-4CA8-A2C0-BC14B739187A}"
EndProject
Project("{2150E333-8FDC-42A3-9474-1A3956D46DE8}") = "Catalog", "Catalog", "{9A313E8F-6578-4716-8B30-83C385193E44}"
EndProject
Project("{FAE04EC0-301F-11D3-BF4B-00C04F79EFBC}") = "Catalog.API", "Services\Catalog\Catalog.API\Catalog.API.csproj", "{C8C0A9CD-8005-43DC-84ED-0C8EEB798AD7}"
EndProject
Project("{FAE04EC0-301F-11D3-BF4B-00C04F79EFBC}") = "Catalog.Application", "Services\Catalog\Catalog.Application\Catalog.Application.csproj", "{A744E587-FE5B-4AE5-A9DD-BC73509562D8}"
EndProject
Project("{FAE04EC0-301F-11D3-BF4B-00C04F79EFBC}") = "Catalog.Core", "Services\Catalog\Catalog.Core\Catalog.Core.csproj", "{8E67A780-C891-46CB-8648-62100F61A115}"
EndProject
Project("{FAE04EC0-301F-11D3-BF4B-00C04F79EFBC}") = "Catalog.Infrastructure", "Services\Catalog\Catalog.Infrastructure\Catalog.Infrastructure.csproj", "{878EB59F-4A2F-41CE-B9E0-BF40B82447CD}"
EndProject
Global
	GlobalSection(SolutionConfigurationPlatforms) = preSolution
		Debug|Any CPU = Debug|Any CPU
		Release|Any CPU = Release|Any CPU
	EndGlobalSection
	GlobalSection(SolutionProperties) = preSolution
		HideSolutionNode = FALSE
	EndGlobalSection
	GlobalSection(ProjectConfigurationPlatforms) = postSolution
		{C8C0A9CD-8005-43DC-84ED-0C8EEB798AD7}.Debug|Any CPU.ActiveCfg = Debug|Any CPU
		{C8C0A9CD-8005-43DC-84ED-0C8EEB798AD7}.Debug|Any CPU.Build.0 = Debug|Any CPU
		{C8C0A9CD-8005-43DC-84ED-0C8EEB798AD7}.Release|Any CPU.ActiveCfg = Release|Any CPU
		{C8C0A9CD-8005-43DC-84ED-0C8EEB798AD7}.Release|Any CPU.Build.0 = Release|Any CPU
		{A744E587-FE5B-4AE5-A9DD-BC73509562D8}.Debug|Any CPU.ActiveCfg = Debug|Any CPU
		{A744E587-FE5B-4AE5-A9DD-BC73509562D8}.Debug|Any CPU.Build.0 = Debug|Any CPU
		{A744E587-FE5B-4AE5-A9DD-BC73509562D8}.Release|Any CPU.ActiveCfg = Release|Any CPU
		{A744E587-FE5B-4AE5-A9DD-BC73509562D8}.Release|Any CPU.Build.0 = Release|Any CPU
		{8E67A780-C891-46CB-8648-62100F61A115}.Debug|Any CPU.ActiveCfg = Debug|Any CPU
		{8E67A780-C891-46CB-8648-62100F61A115}.Debug|Any CPU.Build.0 = Debug|Any CPU
		{8E67A780-C891-46CB-8648-62100F61A115}.Release|Any CPU.ActiveCfg = Release|Any CPU
		{8E67A780-C891-46CB-8648-62100F61A115}.Release|Any CPU.Build.0 = Release|Any CPU
		{878EB59F-4A2F-41CE-B9E0-BF40B82447CD}.Debug|Any CPU.ActiveCfg = Debug|Any CPU
		{878EB59F-4A2F-41CE-B9E0-BF40B82447CD}.Debug|Any CPU.Build.0 = Debug|Any CPU
		{878EB59F-4A2F-41CE-B9E0-BF40B82447CD}.Release|Any CPU.ActiveCfg = Release|Any CPU
		{878EB59F-4A2F-41CE-B9E0-BF40B82447CD}.Release|Any CPU.Build.0 = Release|Any CPU
	EndGlobalSection
	GlobalSection(NestedProjects) = preSolution
		{9A313E8F-6578-4716-8B30-83C385193E44} = {3AE1F0C9-048A-4CA8-A2C0-BC14B739187A}
		{C8C0A9CD-8005-43DC-84ED-0C8EEB798AD7} = {9A313E8F-6578-4716-8B30-83C385193E44}
		{A744E587-FE5B-4AE5-A9DD-BC73509562D8} = {9A313E8F-6578-4716-8B30-83C385193E44}
		{8E67A780-C891-46CB-8648-62100F61A115} = {9A313E8F-6578-4716-8B30-83C385193E44}
		{878EB59F-4A2F-41CE-B9E0-BF40B82447CD} = {9A313E8F-6578-4716-8B30-83C385193E44}
	EndGlobalSection
EndGlobal
