
Microsoft Visual Studio Solution File, Format Version 12.00
# Visual Studio Version 17
VisualStudioVersion = 17.0.31903.59
MinimumVisualStudioVersion = 10.0.40219.1
Project("{2150E333-8FDC-42A3-9474-1A3956D46DE8}") = "Services", "Services", "{3AE1F0C9-048A-4CA8-A2C0-BC14B739187A}"
EndProject
Project("{2150E333-8FDC-42A3-9474-1A3956D46DE8}") = "Catalog", "Catalog", "{9A313E8F-6578-4716-8B30-83C385193E44}"
EndProject
Project("{9A19103F-16F7-4668-BE54-9A1E7A4F7556}") = "Catalog.API", "Services\Catalog\Catalog.API\Catalog.API.csproj", "{C8C0A9CD-8005-43DC-84ED-0C8EEB798AD7}"
EndProject
Project("{9A19103F-16F7-4668-BE54-9A1E7A4F7556}") = "Catalog.Application", "Services\Catalog\Catalog.Application\Catalog.Application.csproj", "{A744E587-FE5B-4AE5-A9DD-BC73509562D8}"
EndProject
Project("{9A19103F-16F7-4668-BE54-9A1E7A4F7556}") = "Catalog.Core", "Services\Catalog\Catalog.Core\Catalog.Core.csproj", "{8E67A780-C891-46CB-8648-62100F61A115}"
EndProject
Project("{9A19103F-16F7-4668-BE54-9A1E7A4F7556}") = "Catalog.Infrastructure", "Services\Catalog\Catalog.Infrastructure\Catalog.Infrastructure.csproj", "{878EB59F-4A2F-41CE-B9E0-BF40B82447CD}"
EndProject
Project("{E53339B2-1760-4266-BCC7-CA923CBCF16C}") = "docker-compose", "docker-compose.dcproj", "{4EC779A0-0627-4152-9332-47700A281F39}"
EndProject
Project("{2150E333-8FDC-42A3-9474-1A3956D46DE8}") = "Basket", "Basket", "{2CB446BC-E9BE-46A1-946F-50E0E194A6A3}"
EndProject
Project("{9A19103F-16F7-4668-BE54-9A1E7A4F7556}") = "Basket.API", "Services\Basket\Basket.API\Basket.API.csproj", "{03FB5B42-FA98-4103-AF66-C018CF223B8C}"
EndProject
Project("{9A19103F-16F7-4668-BE54-9A1E7A4F7556}") = "Basket.Application", "Services\Basket\Basket.Application\Basket.Application.csproj", "{B119EAAF-10FC-4E1D-81F5-B75A7DD96080}"
EndProject
Project("{9A19103F-16F7-4668-BE54-9A1E7A4F7556}") = "Basket.Core", "Services\Basket\Basket.Core\Basket.Core.csproj", "{FF55C136-B66D-4CD4-AE9D-ACE50214E24B}"
EndProject
Project("{9A19103F-16F7-4668-BE54-9A1E7A4F7556}") = "Basket.Infrastructure", "Services\Basket\Basket.Infrastructure\Basket.Infrastructure.csproj", "{2B7530B4-2016-446E-B19A-0E9487ACC376}"
EndProject
Project("{2150E333-8FDC-42A3-9474-1A3956D46DE8}") = "Discount", "Discount", "{5089F0C4-CC2C-45C8-A6A4-E8E14D9FC3D1}"
EndProject
Project("{9A19103F-16F7-4668-BE54-9A1E7A4F7556}") = "Discount.Grpc", "Services\Discount\Discount.Grpc\Discount.Grpc.csproj", "{A14339DA-26D6-4065-9FB0-5523815C3C1B}"
EndProject
Project("{9A19103F-16F7-4668-BE54-9A1E7A4F7556}") = "Discount.API", "Services\Discount\Discount.API\Discount.API.csproj", "{6B2F3A31-D640-44A8-83C3-6C584990F548}"
EndProject
Project("{2150E333-8FDC-42A3-9474-1A3956D46DE8}") = "Ordering", "Ordering", "{EFCCC6C5-3876-4623-9533-02AC2BBB2488}"
EndProject
Project("{9A19103F-16F7-4668-BE54-9A1E7A4F7556}") = "Ordering.API", "Services\Ordering\Ordering.API\Ordering.API.csproj", "{C37C5F08-A153-49FB-ACDC-73AE0649DD7B}"
EndProject
Project("{9A19103F-16F7-4668-BE54-9A1E7A4F7556}") = "Ordering.Domain", "Services\Ordering\Ordering.Domain\Ordering.Domain.csproj", "{C877D48D-D0DF-460A-A7F1-46568F1506EC}"
EndProject
Project("{9A19103F-16F7-4668-BE54-9A1E7A4F7556}") = "Ordering.Application", "Services\Ordering\Ordering.Application\Ordering.Application.csproj", "{80A63B8A-8FD3-4D8C-B6AD-DEDB1A14FC2C}"
EndProject
Project("{9A19103F-16F7-4668-BE54-9A1E7A4F7556}") = "Ordering.Infrastructure", "Services\Ordering\Ordering.Infrastructure\Ordering.Infrastructure.csproj", "{722D7A58-257D-4954-9378-810670DCA377}"
EndProject
Project("{2150E333-8FDC-42A3-9474-1A3956D46DE8}") = "BuildingBlocks", "BuildingBlocks", "{83FA8D89-2CB5-4310-A82A-9F924FEE18F1}"
EndProject
Project("{FAE04EC0-301F-11D3-BF4B-00C04F79EFBC}") = "EventBus.Messages", "BuildingBlocks\EventBus.Messages\EventBus.Messages.csproj", "{AA129B89-C315-4EBD-B7E6-AAE58D44D242}"
EndProject
Project("{2150E333-8FDC-42A3-9474-1A3956D46DE8}") = "ApiGateways", "ApiGateways", "{FA0B9E40-94B1-4A7D-BE61-6EDE8B3070FD}"
EndProject
Project("{FAE04EC0-301F-11D3-BF4B-00C04F79EFBC}") = "OcelotApiGateway", "ApiGateways\OcelotApiGateway\OcelotApiGateway.csproj", "{81462F69-5C90-44A9-B443-8229A1ACD7A7}"
EndProject
Global
	GlobalSection(SolutionConfigurationPlatforms) = preSolution
		Debug|Any CPU = Debug|Any CPU
		Release|Any CPU = Release|Any CPU
	EndGlobalSection
	GlobalSection(SolutionProperties) = preSolution
		HideSolutionNode = FALSE
	EndGlobalSection
	GlobalSection(ProjectConfigurationPlatforms) = postSolution
		{C8C0A9CD-8005-43DC-84ED-0C8EEB798AD7}.Debug|Any CPU.ActiveCfg = Debug|Any CPU
		{C8C0A9CD-8005-43DC-84ED-0C8EEB798AD7}.Debug|Any CPU.Build.0 = Debug|Any CPU
		{C8C0A9CD-8005-43DC-84ED-0C8EEB798AD7}.Release|Any CPU.ActiveCfg = Release|Any CPU
		{C8C0A9CD-8005-43DC-84ED-0C8EEB798AD7}.Release|Any CPU.Build.0 = Release|Any CPU
		{A744E587-FE5B-4AE5-A9DD-BC73509562D8}.Debug|Any CPU.ActiveCfg = Debug|Any CPU
		{A744E587-FE5B-4AE5-A9DD-BC73509562D8}.Debug|Any CPU.Build.0 = Debug|Any CPU
		{A744E587-FE5B-4AE5-A9DD-BC73509562D8}.Release|Any CPU.ActiveCfg = Release|Any CPU
		{A744E587-FE5B-4AE5-A9DD-BC73509562D8}.Release|Any CPU.Build.0 = Release|Any CPU
		{8E67A780-C891-46CB-8648-62100F61A115}.Debug|Any CPU.ActiveCfg = Debug|Any CPU
		{8E67A780-C891-46CB-8648-62100F61A115}.Debug|Any CPU.Build.0 = Debug|Any CPU
		{8E67A780-C891-46CB-8648-62100F61A115}.Release|Any CPU.ActiveCfg = Release|Any CPU
		{8E67A780-C891-46CB-8648-62100F61A115}.Release|Any CPU.Build.0 = Release|Any CPU
		{878EB59F-4A2F-41CE-B9E0-BF40B82447CD}.Debug|Any CPU.ActiveCfg = Debug|Any CPU
		{878EB59F-4A2F-41CE-B9E0-BF40B82447CD}.Debug|Any CPU.Build.0 = Debug|Any CPU
		{878EB59F-4A2F-41CE-B9E0-BF40B82447CD}.Release|Any CPU.ActiveCfg = Release|Any CPU
		{878EB59F-4A2F-41CE-B9E0-BF40B82447CD}.Release|Any CPU.Build.0 = Release|Any CPU
		{4EC779A0-0627-4152-9332-47700A281F39}.Debug|Any CPU.ActiveCfg = Debug|Any CPU
		{4EC779A0-0627-4152-9332-47700A281F39}.Debug|Any CPU.Build.0 = Debug|Any CPU
		{4EC779A0-0627-4152-9332-47700A281F39}.Release|Any CPU.ActiveCfg = Release|Any CPU
		{4EC779A0-0627-4152-9332-47700A281F39}.Release|Any CPU.Build.0 = Release|Any CPU
		{03FB5B42-FA98-4103-AF66-C018CF223B8C}.Debug|Any CPU.ActiveCfg = Debug|Any CPU
		{03FB5B42-FA98-4103-AF66-C018CF223B8C}.Debug|Any CPU.Build.0 = Debug|Any CPU
		{03FB5B42-FA98-4103-AF66-C018CF223B8C}.Release|Any CPU.ActiveCfg = Release|Any CPU
		{03FB5B42-FA98-4103-AF66-C018CF223B8C}.Release|Any CPU.Build.0 = Release|Any CPU
		{B119EAAF-10FC-4E1D-81F5-B75A7DD96080}.Debug|Any CPU.ActiveCfg = Debug|Any CPU
		{B119EAAF-10FC-4E1D-81F5-B75A7DD96080}.Debug|Any CPU.Build.0 = Debug|Any CPU
		{B119EAAF-10FC-4E1D-81F5-B75A7DD96080}.Release|Any CPU.ActiveCfg = Release|Any CPU
		{B119EAAF-10FC-4E1D-81F5-B75A7DD96080}.Release|Any CPU.Build.0 = Release|Any CPU
		{FF55C136-B66D-4CD4-AE9D-ACE50214E24B}.Debug|Any CPU.ActiveCfg = Debug|Any CPU
		{FF55C136-B66D-4CD4-AE9D-ACE50214E24B}.Debug|Any CPU.Build.0 = Debug|Any CPU
		{FF55C136-B66D-4CD4-AE9D-ACE50214E24B}.Release|Any CPU.ActiveCfg = Release|Any CPU
		{FF55C136-B66D-4CD4-AE9D-ACE50214E24B}.Release|Any CPU.Build.0 = Release|Any CPU
		{2B7530B4-2016-446E-B19A-0E9487ACC376}.Debug|Any CPU.ActiveCfg = Debug|Any CPU
		{2B7530B4-2016-446E-B19A-0E9487ACC376}.Debug|Any CPU.Build.0 = Debug|Any CPU
		{2B7530B4-2016-446E-B19A-0E9487ACC376}.Release|Any CPU.ActiveCfg = Release|Any CPU
		{2B7530B4-2016-446E-B19A-0E9487ACC376}.Release|Any CPU.Build.0 = Release|Any CPU
		{A14339DA-26D6-4065-9FB0-5523815C3C1B}.Debug|Any CPU.ActiveCfg = Debug|Any CPU
		{A14339DA-26D6-4065-9FB0-5523815C3C1B}.Debug|Any CPU.Build.0 = Debug|Any CPU
		{A14339DA-26D6-4065-9FB0-5523815C3C1B}.Release|Any CPU.ActiveCfg = Release|Any CPU
		{A14339DA-26D6-4065-9FB0-5523815C3C1B}.Release|Any CPU.Build.0 = Release|Any CPU
		{6B2F3A31-D640-44A8-83C3-6C584990F548}.Debug|Any CPU.ActiveCfg = Debug|Any CPU
		{6B2F3A31-D640-44A8-83C3-6C584990F548}.Debug|Any CPU.Build.0 = Debug|Any CPU
		{6B2F3A31-D640-44A8-83C3-6C584990F548}.Release|Any CPU.ActiveCfg = Release|Any CPU
		{6B2F3A31-D640-44A8-83C3-6C584990F548}.Release|Any CPU.Build.0 = Release|Any CPU
		{C37C5F08-A153-49FB-ACDC-73AE0649DD7B}.Debug|Any CPU.ActiveCfg = Debug|Any CPU
		{C37C5F08-A153-49FB-ACDC-73AE0649DD7B}.Debug|Any CPU.Build.0 = Debug|Any CPU
		{C37C5F08-A153-49FB-ACDC-73AE0649DD7B}.Release|Any CPU.ActiveCfg = Release|Any CPU
		{C37C5F08-A153-49FB-ACDC-73AE0649DD7B}.Release|Any CPU.Build.0 = Release|Any CPU
		{C877D48D-D0DF-460A-A7F1-46568F1506EC}.Debug|Any CPU.ActiveCfg = Debug|Any CPU
		{C877D48D-D0DF-460A-A7F1-46568F1506EC}.Debug|Any CPU.Build.0 = Debug|Any CPU
		{C877D48D-D0DF-460A-A7F1-46568F1506EC}.Release|Any CPU.ActiveCfg = Release|Any CPU
		{C877D48D-D0DF-460A-A7F1-46568F1506EC}.Release|Any CPU.Build.0 = Release|Any CPU
		{80A63B8A-8FD3-4D8C-B6AD-DEDB1A14FC2C}.Debug|Any CPU.ActiveCfg = Debug|Any CPU
		{80A63B8A-8FD3-4D8C-B6AD-DEDB1A14FC2C}.Debug|Any CPU.Build.0 = Debug|Any CPU
		{80A63B8A-8FD3-4D8C-B6AD-DEDB1A14FC2C}.Release|Any CPU.ActiveCfg = Release|Any CPU
		{80A63B8A-8FD3-4D8C-B6AD-DEDB1A14FC2C}.Release|Any CPU.Build.0 = Release|Any CPU
		{722D7A58-257D-4954-9378-810670DCA377}.Debug|Any CPU.ActiveCfg = Debug|Any CPU
		{722D7A58-257D-4954-9378-810670DCA377}.Debug|Any CPU.Build.0 = Debug|Any CPU
		{722D7A58-257D-4954-9378-810670DCA377}.Release|Any CPU.ActiveCfg = Release|Any CPU
		{722D7A58-257D-4954-9378-810670DCA377}.Release|Any CPU.Build.0 = Release|Any CPU
		{AA129B89-C315-4EBD-B7E6-AAE58D44D242}.Debug|Any CPU.ActiveCfg = Debug|Any CPU
		{AA129B89-C315-4EBD-B7E6-AAE58D44D242}.Debug|Any CPU.Build.0 = Debug|Any CPU
		{AA129B89-C315-4EBD-B7E6-AAE58D44D242}.Release|Any CPU.ActiveCfg = Release|Any CPU
		{AA129B89-C315-4EBD-B7E6-AAE58D44D242}.Release|Any CPU.Build.0 = Release|Any CPU
		{81462F69-5C90-44A9-B443-8229A1ACD7A7}.Debug|Any CPU.ActiveCfg = Debug|Any CPU
		{81462F69-5C90-44A9-B443-8229A1ACD7A7}.Debug|Any CPU.Build.0 = Debug|Any CPU
		{81462F69-5C90-44A9-B443-8229A1ACD7A7}.Release|Any CPU.ActiveCfg = Release|Any CPU
		{81462F69-5C90-44A9-B443-8229A1ACD7A7}.Release|Any CPU.Build.0 = Release|Any CPU
	EndGlobalSection
	GlobalSection(NestedProjects) = preSolution
		{9A313E8F-6578-4716-8B30-83C385193E44} = {3AE1F0C9-048A-4CA8-A2C0-BC14B739187A}
		{C8C0A9CD-8005-43DC-84ED-0C8EEB798AD7} = {9A313E8F-6578-4716-8B30-83C385193E44}
		{A744E587-FE5B-4AE5-A9DD-BC73509562D8} = {9A313E8F-6578-4716-8B30-83C385193E44}
		{8E67A780-C891-46CB-8648-62100F61A115} = {9A313E8F-6578-4716-8B30-83C385193E44}
		{878EB59F-4A2F-41CE-B9E0-BF40B82447CD} = {9A313E8F-6578-4716-8B30-83C385193E44}
		{2CB446BC-E9BE-46A1-946F-50E0E194A6A3} = {3AE1F0C9-048A-4CA8-A2C0-BC14B739187A}
		{03FB5B42-FA98-4103-AF66-C018CF223B8C} = {2CB446BC-E9BE-46A1-946F-50E0E194A6A3}
		{B119EAAF-10FC-4E1D-81F5-B75A7DD96080} = {2CB446BC-E9BE-46A1-946F-50E0E194A6A3}
		{FF55C136-B66D-4CD4-AE9D-ACE50214E24B} = {2CB446BC-E9BE-46A1-946F-50E0E194A6A3}
		{2B7530B4-2016-446E-B19A-0E9487ACC376} = {2CB446BC-E9BE-46A1-946F-50E0E194A6A3}
		{5089F0C4-CC2C-45C8-A6A4-E8E14D9FC3D1} = {3AE1F0C9-048A-4CA8-A2C0-BC14B739187A}
		{A14339DA-26D6-4065-9FB0-5523815C3C1B} = {5089F0C4-CC2C-45C8-A6A4-E8E14D9FC3D1}
		{6B2F3A31-D640-44A8-83C3-6C584990F548} = {5089F0C4-CC2C-45C8-A6A4-E8E14D9FC3D1}
		{EFCCC6C5-3876-4623-9533-02AC2BBB2488} = {3AE1F0C9-048A-4CA8-A2C0-BC14B739187A}
		{C37C5F08-A153-49FB-ACDC-73AE0649DD7B} = {EFCCC6C5-3876-4623-9533-02AC2BBB2488}
		{C877D48D-D0DF-460A-A7F1-46568F1506EC} = {EFCCC6C5-3876-4623-9533-02AC2BBB2488}
		{80A63B8A-8FD3-4D8C-B6AD-DEDB1A14FC2C} = {EFCCC6C5-3876-4623-9533-02AC2BBB2488}
		{722D7A58-257D-4954-9378-810670DCA377} = {EFCCC6C5-3876-4623-9533-02AC2BBB2488}
		{AA129B89-C315-4EBD-B7E6-AAE58D44D242} = {83FA8D89-2CB5-4310-A82A-9F924FEE18F1}
		{81462F69-5C90-44A9-B443-8229A1ACD7A7} = {FA0B9E40-94B1-4A7D-BE61-6EDE8B3070FD}
	EndGlobalSection
EndGlobal
